
Microsoft Visual Studio Solution File, Format Version 12.00
# Visual Studio Version 17
VisualStudioVersion = 17.9.34728.123
MinimumVisualStudioVersion = 10.0.40219.1
Project("{FAE04EC0-301F-11D3-BF4B-00C04F79EFBC}") = "GroupDemo", "GroupDemo\GroupDemo.csproj", "{AC50080E-91DF-4FE4-9BDA-24BA80C1A77A}"
EndProject
Global
	GlobalSection(SolutionConfigurationPlatforms) = preSolution
		Debug|Any CPU = Debug|Any CPU
		Release|Any CPU = Release|Any CPU
	EndGlobalSection
	GlobalSection(ProjectConfigurationPlatforms) = postSolution
		{AC50080E-91DF-4FE4-9BDA-24BA80C1A77A}.Debug|Any CPU.ActiveCfg = Debug|Any CPU
		{AC50080E-91DF-4FE4-9BDA-24BA80C1A77A}.Debug|Any CPU.Build.0 = Debug|Any CPU
		{AC50080E-91DF-4FE4-9BDA-24BA80C1A77A}.Release|Any CPU.ActiveCfg = Release|Any CPU
		{AC50080E-91DF-4FE4-9BDA-24BA80C1A77A}.Release|Any CPU.Build.0 = Release|Any CPU
	EndGlobalSection
	GlobalSection(SolutionProperties) = preSolution
		HideSolutionNode = FALSE
	EndGlobalSection
	GlobalSection(ExtensibilityGlobals) = postSolution
		SolutionGuid = {ECB9C564-2AE9-4B38-9467-3AD6F59BA5E5}
	EndGlobalSection
EndGlobal
